{
  "version": 4,
  "terraform_version": "1.9.5",
  "serial": 120,
  "lineage": "b027b016-e781-7858-090a-d7cda2f56319",
  "outputs": {
    "politopics_recap_event_source_mapping_uuid": {
      "value": "da53e326-5e46-4621-a305-91390e7471e3",
      "type": "string"
    },
    "politopics_recap_lambda_arn": {
      "value": "arn:aws:lambda:ap-northeast-3:000000000000:function:politopics-recap-local",
      "type": "string"
    }
  },
  "resources": [
    {
      "module": "module.prompt_queue[0]",
      "mode": "managed",
      "type": "aws_sqs_queue",
      "name": "this",
      "provider": "provider[\"registry.terraform.io/hashicorp/aws\"]",
      "instances": [
        {
          "schema_version": 0,
          "attributes": {
            "arn": "arn:aws:sqs:ap-northeast-3:000000000000:politopics-recap-local-queue",
            "content_based_deduplication": false,
            "deduplication_scope": "",
            "delay_seconds": 0,
            "fifo_queue": false,
            "fifo_throughput_limit": "",
            "id": "http://sqs.ap-northeast-3.localhost.localstack.cloud:4566/000000000000/politopics-recap-local-queue",
            "kms_data_key_reuse_period_seconds": 300,
            "kms_master_key_id": "",
            "max_message_size": 262144,
            "message_retention_seconds": 345600,
            "name": "politopics-recap-local-queue",
            "name_prefix": "",
            "policy": "",
            "receive_wait_time_seconds": 20,
            "redrive_allow_policy": "",
            "redrive_policy": "",
            "region": "ap-northeast-3",
            "sqs_managed_sse_enabled": true,
            "tags": {
              "Application": "PoliTopicsRecap",
              "Environment": "local"
            },
            "tags_all": {
              "Application": "PoliTopicsRecap",
              "Environment": "local"
            },
            "timeouts": null,
            "url": "http://sqs.ap-northeast-3.localhost.localstack.cloud:4566/000000000000/politopics-recap-local-queue",
            "visibility_timeout_seconds": 60
          },
          "sensitive_attributes": [],
          "private": "eyJlMmJmYjczMC1lY2FhLTExZTYtOGY4OC0zNDM2M2JjN2M0YzAiOnsiY3JlYXRlIjoxODAwMDAwMDAwMDAsImRlbGV0ZSI6MTgwMDAwMDAwMDAwLCJ1cGRhdGUiOjE4MDAwMDAwMDAwMH19"
        }
      ]
    },
    {
      "module": "module.service",
      "mode": "managed",
      "type": "aws_cloudwatch_metric_alarm",
      "name": "sqs_backlog",
      "provider": "provider[\"registry.terraform.io/hashicorp/aws\"]",
      "instances": [
        {
          "schema_version": 1,
          "attributes": {
            "actions_enabled": true,
            "alarm_actions": [],
            "alarm_description": "Triggers when the politopics-recap-local-queue queue accumulates visible or in-flight messages.",
            "alarm_name": "politopics-recap-local-local-sqs-backlog",
            "arn": "arn:aws:cloudwatch:ap-northeast-3:000000000000:alarm:politopics-recap-local-local-sqs-backlog",
            "comparison_operator": "GreaterThanOrEqualToThreshold",
            "datapoints_to_alarm": 2,
            "dimensions": {},
            "evaluate_low_sample_count_percentiles": "",
            "evaluation_periods": 2,
            "extended_statistic": "",
            "id": "politopics-recap-local-local-sqs-backlog",
            "insufficient_data_actions": [],
            "metric_name": "",
            "metric_query": [
              {
                "account_id": "",
                "expression": "",
                "id": "m1",
                "label": "",
                "metric": [
                  {
                    "dimensions": {
                      "QueueName": "politopics-recap-local-queue"
                    },
                    "metric_name": "ApproximateNumberOfMessagesVisible",
                    "namespace": "AWS/SQS",
                    "period": 60,
                    "stat": "Maximum",
                    "unit": ""
                  }
                ],
                "period": 0,
                "return_data": false
              },
              {
                "account_id": "",
                "expression": "",
                "id": "m2",
                "label": "",
                "metric": [
                  {
                    "dimensions": {
                      "QueueName": "politopics-recap-local-queue"
                    },
                    "metric_name": "ApproximateNumberOfMessagesNotVisible",
                    "namespace": "AWS/SQS",
                    "period": 60,
                    "stat": "Maximum",
                    "unit": ""
                  }
                ],
                "period": 0,
                "return_data": false
              },
              {
                "account_id": "",
                "expression": "m1 + m2",
                "id": "m3",
                "label": "TotalMessages",
                "metric": [],
                "period": 0,
                "return_data": true
              }
            ],
            "namespace": "",
            "ok_actions": [],
            "period": 0,
            "region": "ap-northeast-3",
            "statistic": "",
            "tags": {
              "Application": "PoliTopicsRecap",
              "Environment": "local"
            },
            "tags_all": {
              "Application": "PoliTopicsRecap",
              "Environment": "local"
            },
            "threshold": 1,
            "threshold_metric_id": "",
            "treat_missing_data": "notBreaching",
            "unit": ""
          },
          "sensitive_attributes": [],
          "private": "eyJzY2hlbWFfdmVyc2lvbiI6IjEifQ=="
        }
      ]
    },
    {
      "module": "module.service.module.dynamodb",
      "mode": "managed",
      "type": "aws_dynamodb_table",
      "name": "politopics",
      "provider": "provider[\"registry.terraform.io/hashicorp/aws\"]",
      "instances": [
        {
          "schema_version": 1,
          "attributes": {
            "arn": "arn:aws:dynamodb:ap-northeast-3:000000000000:table/politopics",
            "attribute": [
              {
                "name": "GSI1PK",
                "type": "S"
              },
              {
                "name": "GSI1SK",
                "type": "S"
              },
              {
                "name": "GSI2PK",
                "type": "S"
              },
              {
                "name": "GSI2SK",
                "type": "S"
              },
              {
                "name": "PK",
                "type": "S"
              },
              {
                "name": "SK",
                "type": "S"
              }
            ],
            "billing_mode": "PAY_PER_REQUEST",
            "deletion_protection_enabled": false,
            "global_secondary_index": [
              {
                "hash_key": "GSI1PK",
                "name": "ArticleByDate",
                "non_key_attributes": [],
                "on_demand_throughput": [],
                "projection_type": "ALL",
                "range_key": "GSI1SK",
                "read_capacity": 0,
                "write_capacity": 0
              },
              {
                "hash_key": "GSI2PK",
                "name": "MonthDateIndex",
                "non_key_attributes": [],
                "on_demand_throughput": [],
                "projection_type": "ALL",
                "range_key": "GSI2SK",
                "read_capacity": 0,
                "write_capacity": 0
              }
            ],
            "hash_key": "PK",
            "id": "politopics",
            "import_table": [],
            "local_secondary_index": [],
            "name": "politopics",
            "on_demand_throughput": [],
            "point_in_time_recovery": [
              {
                "enabled": false,
                "recovery_period_in_days": 0
              }
            ],
            "range_key": "SK",
            "read_capacity": 0,
            "region": "ap-northeast-3",
            "replica": [],
            "restore_date_time": null,
            "restore_source_name": null,
            "restore_source_table_arn": null,
            "restore_to_latest_time": null,
            "server_side_encryption": [],
            "stream_arn": "",
            "stream_enabled": false,
            "stream_label": "",
            "stream_view_type": "",
            "table_class": "STANDARD",
            "tags": {
              "Application": "PoliTopicsRecap",
              "Environment": "local"
            },
            "tags_all": {
              "Application": "PoliTopicsRecap",
              "Environment": "local"
            },
            "timeouts": null,
            "ttl": [
              {
                "attribute_name": "",
                "enabled": false
              }
            ],
            "write_capacity": 0
          },
          "sensitive_attributes": [],
          "private": "eyJlMmJmYjczMC1lY2FhLTExZTYtOGY4OC0zNDM2M2JjN2M0YzAiOnsiY3JlYXRlIjoxODAwMDAwMDAwMDAwLCJkZWxldGUiOjYwMDAwMDAwMDAwMCwidXBkYXRlIjozNjAwMDAwMDAwMDAwfSwic2NoZW1hX3ZlcnNpb24iOiIxIn0="
        }
      ]
    },
    {
      "module": "module.service.module.lambda",
      "mode": "data",
      "type": "aws_iam_policy_document",
      "name": "lambda_assume_role",
      "provider": "provider[\"registry.terraform.io/hashicorp/aws\"]",
      "instances": [
        {
          "schema_version": 0,
          "attributes": {
            "id": "2690255455",
            "json": "{\n  \"Version\": \"2012-10-17\",\n  \"Statement\": [\n    {\n      \"Effect\": \"Allow\",\n      \"Action\": \"sts:AssumeRole\",\n      \"Principal\": {\n        \"Service\": \"lambda.amazonaws.com\"\n      }\n    }\n  ]\n}",
            "minified_json": "{\"Version\":\"2012-10-17\",\"Statement\":[{\"Effect\":\"Allow\",\"Action\":\"sts:AssumeRole\",\"Principal\":{\"Service\":\"lambda.amazonaws.com\"}}]}",
            "override_json": null,
            "override_policy_documents": null,
            "policy_id": null,
            "source_json": null,
            "source_policy_documents": null,
            "statement": [
              {
                "actions": [
                  "sts:AssumeRole"
                ],
                "condition": [],
                "effect": "Allow",
                "not_actions": [],
                "not_principals": [],
                "not_resources": [],
                "principals": [
                  {
                    "identifiers": [
                      "lambda.amazonaws.com"
                    ],
                    "type": "Service"
                  }
                ],
                "resources": [],
                "sid": ""
              }
            ],
            "version": "2012-10-17"
          },
          "sensitive_attributes": []
        }
      ]
    },
    {
      "module": "module.service.module.lambda",
      "mode": "data",
      "type": "aws_iam_policy_document",
      "name": "lambda_execution",
      "provider": "provider[\"registry.terraform.io/hashicorp/aws\"]",
      "instances": [
        {
          "schema_version": 0,
          "attributes": {
            "id": "3535934528",
            "json": "{\n  \"Version\": \"2012-10-17\",\n  \"Statement\": [\n    {\n      \"Sid\": \"AllowWritingLogs\",\n      \"Effect\": \"Allow\",\n      \"Action\": [\n        \"logs:PutLogEvents\",\n        \"logs:CreateLogStream\"\n      ],\n      \"Resource\": [\n        \"arn:aws:logs:ap-northeast-3:000000000000:log-group:/aws/lambda/politopics-recap-local:*\",\n        \"arn:aws:logs:ap-northeast-3:000000000000:log-group:/aws/lambda/politopics-recap-local\"\n      ]\n    },\n    {\n      \"Sid\": \"AllowQueueProcessing\",\n      \"Effect\": \"Allow\",\n      \"Action\": [\n        \"sqs:ReceiveMessage\",\n        \"sqs:GetQueueUrl\",\n        \"sqs:GetQueueAttributes\",\n        \"sqs:DeleteMessage\",\n        \"sqs:ChangeMessageVisibility\"\n      ],\n      \"Resource\": \"arn:aws:sqs:ap-northeast-3:000000000000:politopics-recap-local-queue\"\n    },\n    {\n      \"Sid\": \"AllowPromptBucketAccess\",\n      \"Effect\": \"Allow\",\n      \"Action\": [\n        \"s3:PutObject\",\n        \"s3:GetObject\",\n        \"s3:DeleteObject\"\n      ],\n      \"Resource\": \"arn:aws:s3:::politopics-local-prompts/*\"\n    },\n    {\n      \"Sid\": \"AllowPromptBucketList\",\n      \"Effect\": \"Allow\",\n      \"Action\": \"s3:ListBucket\",\n      \"Resource\": \"arn:aws:s3:::politopics-local-prompts\"\n    }\n  ]\n}",
            "minified_json": "{\"Version\":\"2012-10-17\",\"Statement\":[{\"Sid\":\"AllowWritingLogs\",\"Effect\":\"Allow\",\"Action\":[\"logs:PutLogEvents\",\"logs:CreateLogStream\"],\"Resource\":[\"arn:aws:logs:ap-northeast-3:000000000000:log-group:/aws/lambda/politopics-recap-local:*\",\"arn:aws:logs:ap-northeast-3:000000000000:log-group:/aws/lambda/politopics-recap-local\"]},{\"Sid\":\"AllowQueueProcessing\",\"Effect\":\"Allow\",\"Action\":[\"sqs:ReceiveMessage\",\"sqs:GetQueueUrl\",\"sqs:GetQueueAttributes\",\"sqs:DeleteMessage\",\"sqs:ChangeMessageVisibility\"],\"Resource\":\"arn:aws:sqs:ap-northeast-3:000000000000:politopics-recap-local-queue\"},{\"Sid\":\"AllowPromptBucketAccess\",\"Effect\":\"Allow\",\"Action\":[\"s3:PutObject\",\"s3:GetObject\",\"s3:DeleteObject\"],\"Resource\":\"arn:aws:s3:::politopics-local-prompts/*\"},{\"Sid\":\"AllowPromptBucketList\",\"Effect\":\"Allow\",\"Action\":\"s3:ListBucket\",\"Resource\":\"arn:aws:s3:::politopics-local-prompts\"}]}",
            "override_json": null,
            "override_policy_documents": null,
            "policy_id": null,
            "source_json": null,
            "source_policy_documents": null,
            "statement": [
              {
                "actions": [
                  "logs:CreateLogStream",
                  "logs:PutLogEvents"
                ],
                "condition": [],
                "effect": "Allow",
                "not_actions": [],
                "not_principals": [],
                "not_resources": [],
                "principals": [],
                "resources": [
                  "arn:aws:logs:ap-northeast-3:000000000000:log-group:/aws/lambda/politopics-recap-local",
                  "arn:aws:logs:ap-northeast-3:000000000000:log-group:/aws/lambda/politopics-recap-local:*"
                ],
                "sid": "AllowWritingLogs"
              },
              {
                "actions": [
                  "sqs:ChangeMessageVisibility",
                  "sqs:DeleteMessage",
                  "sqs:GetQueueAttributes",
                  "sqs:GetQueueUrl",
                  "sqs:ReceiveMessage"
                ],
                "condition": [],
                "effect": "Allow",
                "not_actions": [],
                "not_principals": [],
                "not_resources": [],
                "principals": [],
                "resources": [
                  "arn:aws:sqs:ap-northeast-3:000000000000:politopics-recap-local-queue"
                ],
                "sid": "AllowQueueProcessing"
              },
              {
                "actions": [
                  "s3:DeleteObject",
                  "s3:GetObject",
                  "s3:PutObject"
                ],
                "condition": [],
                "effect": "Allow",
                "not_actions": [],
                "not_principals": [],
                "not_resources": [],
                "principals": [],
                "resources": [
                  "arn:aws:s3:::politopics-local-prompts/*"
                ],
                "sid": "AllowPromptBucketAccess"
              },
              {
                "actions": [
                  "s3:ListBucket"
                ],
                "condition": [],
                "effect": "Allow",
                "not_actions": [],
                "not_principals": [],
                "not_resources": [],
                "principals": [],
                "resources": [
                  "arn:aws:s3:::politopics-local-prompts"
                ],
                "sid": "AllowPromptBucketList"
              }
            ],
            "version": "2012-10-17"
          },
          "sensitive_attributes": []
        }
      ]
    },
    {
      "module": "module.service.module.lambda",
      "mode": "managed",
      "type": "aws_cloudwatch_log_group",
      "name": "this",
      "provider": "provider[\"registry.terraform.io/hashicorp/aws\"]",
      "instances": [
        {
          "schema_version": 0,
          "attributes": {
            "arn": "arn:aws:logs:ap-northeast-3:000000000000:log-group:/aws/lambda/politopics-recap-local",
            "id": "/aws/lambda/politopics-recap-local",
            "kms_key_id": "",
            "log_group_class": "",
            "name": "/aws/lambda/politopics-recap-local",
            "name_prefix": "",
            "region": "ap-northeast-3",
            "retention_in_days": 14,
            "skip_destroy": false,
            "tags": {
              "Application": "PoliTopicsRecap",
              "Environment": "local"
            },
            "tags_all": {
              "Application": "PoliTopicsRecap",
              "Environment": "local"
            }
          },
          "sensitive_attributes": [],
          "private": "bnVsbA=="
        }
      ]
    },
    {
      "module": "module.service.module.lambda",
      "mode": "managed",
      "type": "aws_iam_role",
      "name": "this",
      "provider": "provider[\"registry.terraform.io/hashicorp/aws\"]",
      "instances": [
        {
          "schema_version": 0,
          "attributes": {
            "arn": "arn:aws:iam::000000000000:role/politopics-recap-local-role",
            "assume_role_policy": "{\"Statement\":[{\"Action\":\"sts:AssumeRole\",\"Effect\":\"Allow\",\"Principal\":{\"Service\":\"lambda.amazonaws.com\"}}],\"Version\":\"2012-10-17\"}",
            "create_date": "2025-10-15T22:56:14Z",
            "description": "",
            "force_detach_policies": false,
            "id": "politopics-recap-local-role",
            "inline_policy": [],
            "managed_policy_arns": [],
            "max_session_duration": 3600,
            "name": "politopics-recap-local-role",
            "name_prefix": "",
            "path": "/",
            "permissions_boundary": "",
            "tags": {
              "Application": "PoliTopicsRecap",
              "Environment": "local"
            },
            "tags_all": {
              "Application": "PoliTopicsRecap",
              "Environment": "local"
            },
            "unique_id": "AROAQAAAAAAALFB3IH3NJ"
          },
          "sensitive_attributes": [],
          "private": "bnVsbA==",
          "dependencies": [
            "module.service.module.lambda.data.aws_iam_policy_document.lambda_assume_role"
          ]
        }
      ]
    },
    {
      "module": "module.service.module.lambda",
      "mode": "managed",
      "type": "aws_iam_role_policy",
      "name": "this",
      "provider": "provider[\"registry.terraform.io/hashicorp/aws\"]",
      "instances": [
        {
          "schema_version": 0,
          "attributes": {
            "id": "politopics-recap-local-role:politopics-recap-local-inline",
            "name": "politopics-recap-local-inline",
            "name_prefix": "",
            "policy": "{\"Version\":\"2012-10-17\",\"Statement\":[{\"Action\":[\"logs:PutLogEvents\",\"logs:CreateLogStream\"],\"Effect\":\"Allow\",\"Resource\":[\"arn:aws:logs:ap-northeast-3:000000000000:log-group:/aws/lambda/politopics-recap-local:*\",\"arn:aws:logs:ap-northeast-3:000000000000:log-group:/aws/lambda/politopics-recap-local\"],\"Sid\":\"AllowWritingLogs\"},{\"Action\":[\"sqs:ReceiveMessage\",\"sqs:GetQueueUrl\",\"sqs:GetQueueAttributes\",\"sqs:DeleteMessage\",\"sqs:ChangeMessageVisibility\"],\"Effect\":\"Allow\",\"Resource\":\"arn:aws:sqs:ap-northeast-3:000000000000:politopics-recap-local-queue\",\"Sid\":\"AllowQueueProcessing\"},{\"Action\":[\"s3:PutObject\",\"s3:GetObject\",\"s3:DeleteObject\"],\"Effect\":\"Allow\",\"Resource\":\"arn:aws:s3:::politopics-local-prompts/*\",\"Sid\":\"AllowPromptBucketAccess\"},{\"Action\":\"s3:ListBucket\",\"Effect\":\"Allow\",\"Resource\":\"arn:aws:s3:::politopics-local-prompts\",\"Sid\":\"AllowPromptBucketList\"}]}",
            "role": "politopics-recap-local-role"
          },
          "sensitive_attributes": [],
          "private": "bnVsbA==",
          "dependencies": [
            "module.prompt_queue.aws_sqs_queue.this",
            "module.service.data.aws_sqs_queue.politopics_recap",
            "module.service.module.lambda.aws_cloudwatch_log_group.this",
            "module.service.module.lambda.aws_iam_role.this",
            "module.service.module.lambda.data.aws_iam_policy_document.lambda_assume_role",
            "module.service.module.lambda.data.aws_iam_policy_document.lambda_execution",
            "module.service.module.s3.aws_s3_bucket.this"
          ]
        }
      ]
    },
    {
      "module": "module.service.module.lambda",
      "mode": "managed",
      "type": "aws_lambda_event_source_mapping",
      "name": "this",
      "provider": "provider[\"registry.terraform.io/hashicorp/aws\"]",
      "instances": [
        {
          "schema_version": 0,
          "attributes": {
            "amazon_managed_kafka_event_source_config": [],
            "arn": "arn:aws:lambda:ap-northeast-3:000000000000:event-source-mapping:da53e326-5e46-4621-a305-91390e7471e3",
            "batch_size": 10,
            "bisect_batch_on_function_error": false,
            "destination_config": [],
            "document_db_event_source_config": [],
            "enabled": true,
            "event_source_arn": "arn:aws:sqs:ap-northeast-3:000000000000:politopics-recap-local-queue",
            "filter_criteria": [],
            "function_arn": "arn:aws:lambda:ap-northeast-3:000000000000:function:politopics-recap-local",
            "function_name": "arn:aws:lambda:ap-northeast-3:000000000000:function:politopics-recap-local",
            "function_response_types": null,
            "id": "da53e326-5e46-4621-a305-91390e7471e3",
            "kms_key_arn": "",
            "last_modified": "2025-10-15T22:58:09Z",
            "last_processing_result": "",
            "maximum_batching_window_in_seconds": 0,
            "maximum_record_age_in_seconds": 0,
            "maximum_retry_attempts": 0,
            "metrics_config": [],
            "parallelization_factor": 0,
            "provisioned_poller_config": [],
            "queues": null,
            "region": "ap-northeast-3",
            "scaling_config": [],
            "self_managed_event_source": [],
            "self_managed_kafka_event_source_config": [],
            "source_access_configuration": [],
            "starting_position": "",
            "starting_position_timestamp": "",
            "state": "Enabled",
            "state_transition_reason": "USER_INITIATED",
            "tags": null,
            "tags_all": {},
            "topics": null,
            "tumbling_window_in_seconds": 0,
            "uuid": "da53e326-5e46-4621-a305-91390e7471e3"
          },
          "sensitive_attributes": [],
          "private": "bnVsbA==",
          "dependencies": [
            "module.prompt_queue.aws_sqs_queue.this",
            "module.service.data.aws_sqs_queue.politopics_recap",
            "module.service.module.lambda.aws_iam_role.this",
            "module.service.module.lambda.aws_lambda_function.this",
            "module.service.module.lambda.aws_lambda_layer_version.dependencies",
            "module.service.module.lambda.data.aws_iam_policy_document.lambda_assume_role",
            "module.service.module.s3.aws_s3_bucket.this"
          ]
        }
      ]
    },
    {
      "module": "module.service.module.lambda",
      "mode": "managed",
      "type": "aws_lambda_function",
      "name": "this",
      "provider": "provider[\"registry.terraform.io/hashicorp/aws\"]",
      "instances": [
        {
          "schema_version": 0,
          "attributes": {
            "architectures": [
              "x86_64"
            ],
            "arn": "arn:aws:lambda:ap-northeast-3:000000000000:function:politopics-recap-local",
            "code_sha256": "7gdcn4qBn4CEYGjhdzqKuK1cmFQYF8zG8Idxk28Fx6U=",
            "code_signing_config_arn": null,
            "dead_letter_config": [],
            "description": "Processes PoliTopicsRecap messages from SQS",
            "environment": [
              {
                "variables": {
                  "API_TIMEOUT_MS": "10000",
                  "BACKOFF_BASE_SECONDS": "1",
                  "BACKOFF_CAP_SECONDS": "60",
                  "CIRCUIT_BREAKER_COOLDOWN_SECONDS": "60",
                  "CIRCUIT_BREAKER_FAILURE_THRESHOLD": "5",
                  "CIRCUIT_BREAKER_HALF_OPEN_MAX_CALLS": "1",
                  "CIRCUIT_BREAKER_MIN_REQUESTS": "5",
                  "CIRCUIT_BREAKER_VISIBILITY_TIMEOUT_SECONDS": "60",
                  "MAX_ATTEMPTS": "5",
                  "OVERALL_TIMEOUT_MS": "45000",
                  "PROMPT_BUCKET_NAME": "politopics-local-prompts",
                  "PROMPT_QUEUE_URL": "http://sqs.ap-northeast-3.localhost.localstack.cloud:4566/000000000000/politopics-recap-local-queue",
                  "RATE_LIMIT_BURST": "10",
                  "RATE_LIMIT_RPS": "5"
                }
              }
            ],
            "ephemeral_storage": [
              {
                "size": 512
              }
            ],
            "file_system_config": [],
            "filename": "/workspaces/app/dist/lambda_handler.zip",
            "function_name": "politopics-recap-local",
            "handler": "lambda_handler.handler",
            "id": "politopics-recap-local",
            "image_config": [],
            "image_uri": "",
            "invoke_arn": "arn:aws:apigateway:ap-northeast-3:lambda:path/2015-03-31/functions/arn:aws:lambda:ap-northeast-3:000000000000:function:politopics-recap-local/invocations",
            "kms_key_arn": "",
            "last_modified": "2025-10-15T22:57:28.533274+0000",
            "layers": [
              "arn:aws:lambda:ap-northeast-3:000000000000:layer:politopics-recap-local-deps:1"
            ],
            "logging_config": [
              {
                "application_log_level": "",
                "log_format": "Text",
                "log_group": "/aws/lambda/politopics-recap-local",
                "system_log_level": ""
              }
            ],
            "memory_size": 256,
            "package_type": "Zip",
            "publish": false,
            "qualified_arn": "arn:aws:lambda:ap-northeast-3:000000000000:function:politopics-recap-local:$LATEST",
            "qualified_invoke_arn": "arn:aws:apigateway:ap-northeast-3:lambda:path/2015-03-31/functions/arn:aws:lambda:ap-northeast-3:000000000000:function:politopics-recap-local:$LATEST/invocations",
            "region": "ap-northeast-3",
            "replace_security_groups_on_destroy": null,
            "replacement_security_group_ids": null,
            "reserved_concurrent_executions": -1,
            "role": "arn:aws:iam::000000000000:role/politopics-recap-local-role",
            "runtime": "nodejs20.x",
            "s3_bucket": null,
            "s3_key": null,
            "s3_object_version": null,
            "signing_job_arn": "",
            "signing_profile_version_arn": "",
            "skip_destroy": false,
            "snap_start": [],
            "source_code_hash": "7gdcn4qBn4CEYGjhdzqKuK1cmFQYF8zG8Idxk28Fx6U=",
            "source_code_size": 17804,
            "source_kms_key_arn": "",
            "tags": {
              "Application": "PoliTopicsRecap",
              "Environment": "local"
            },
            "tags_all": {
              "Application": "PoliTopicsRecap",
              "Environment": "local"
            },
            "timeout": 60,
            "timeouts": null,
            "tracing_config": [
              {
                "mode": "PassThrough"
              }
            ],
            "version": "$LATEST",
            "vpc_config": []
          },
          "sensitive_attributes": [],
          "private": "eyJlMmJmYjczMC1lY2FhLTExZTYtOGY4OC0zNDM2M2JjN2M0YzAiOnsiY3JlYXRlIjo2MDAwMDAwMDAwMDAsImRlbGV0ZSI6NjAwMDAwMDAwMDAwLCJ1cGRhdGUiOjYwMDAwMDAwMDAwMH19",
          "dependencies": [
            "module.prompt_queue.aws_sqs_queue.this",
            "module.service.data.aws_sqs_queue.politopics_recap",
            "module.service.module.lambda.aws_iam_role.this",
            "module.service.module.lambda.aws_lambda_layer_version.dependencies",
            "module.service.module.lambda.data.aws_iam_policy_document.lambda_assume_role",
            "module.service.module.s3.aws_s3_bucket.this"
          ]
        }
      ]
    },
    {
      "module": "module.service.module.lambda",
      "mode": "managed",
      "type": "aws_lambda_layer_version",
      "name": "dependencies",
      "provider": "provider[\"registry.terraform.io/hashicorp/aws\"]",
      "instances": [
        {
          "schema_version": 0,
          "attributes": {
            "arn": "arn:aws:lambda:ap-northeast-3:000000000000:layer:politopics-recap-local-deps:1",
            "code_sha256": "0al4OC2Ag73Mqtgezxbgbd/s5cMoqDNWUSBCm1K05Ag=",
            "compatible_architectures": [],
            "compatible_runtimes": [
              "nodejs20.x"
            ],
            "created_date": "2025-10-15T22:56:16.868280+0000",
            "description": "Runtime dependencies for politopics-recap-local",
            "filename": "/workspaces/app/dist/lambda_layer.zip",
            "id": "arn:aws:lambda:ap-northeast-3:000000000000:layer:politopics-recap-local-deps:1",
            "layer_arn": "arn:aws:lambda:ap-northeast-3:000000000000:layer:politopics-recap-local-deps",
            "layer_name": "politopics-recap-local-deps",
            "license_info": "",
            "region": "ap-northeast-3",
            "s3_bucket": null,
            "s3_key": null,
            "s3_object_version": null,
            "signing_job_arn": "",
            "signing_profile_version_arn": "",
            "skip_destroy": false,
            "source_code_hash": "0al4OC2Ag73Mqtgezxbgbd/s5cMoqDNWUSBCm1K05Ag=",
            "source_code_size": 20366311,
            "version": "1"
          },
          "sensitive_attributes": [],
          "private": "bnVsbA=="
        }
      ]
    },
    {
      "module": "module.service.module.s3",
      "mode": "managed",
      "type": "aws_s3_bucket",
      "name": "this",
      "provider": "provider[\"registry.terraform.io/hashicorp/aws\"]",
      "instances": [
        {
          "schema_version": 0,
          "attributes": {
            "acceleration_status": "",
            "acl": null,
            "arn": "arn:aws:s3:::politopics-local-prompts",
            "bucket": "politopics-local-prompts",
            "bucket_domain_name": "politopics-local-prompts.s3.amazonaws.com",
            "bucket_prefix": "",
            "bucket_region": "ap-northeast-3",
            "bucket_regional_domain_name": "politopics-local-prompts.s3.ap-northeast-3.amazonaws.com",
            "cors_rule": [],
            "force_destroy": false,
            "grant": [
              {
                "id": "75aa57f09aa0c8caeab4f8c24e99d10f8e7faeebf76c078efc7c6caea54ba06a",
                "permissions": [
                  "FULL_CONTROL"
                ],
                "type": "CanonicalUser",
                "uri": ""
              }
            ],
            "hosted_zone_id": "Z2YQB5RD63NC85",
            "id": "politopics-local-prompts",
            "lifecycle_rule": [],
            "logging": [],
            "object_lock_configuration": [],
            "object_lock_enabled": false,
            "policy": "",
            "region": "ap-northeast-3",
            "replication_configuration": [],
            "request_payer": "BucketOwner",
            "server_side_encryption_configuration": [
              {
                "rule": [
                  {
                    "apply_server_side_encryption_by_default": [
                      {
                        "kms_master_key_id": "",
                        "sse_algorithm": "AES256"
                      }
                    ],
                    "bucket_key_enabled": false
                  }
                ]
              }
            ],
            "tags": {
              "Application": "PoliTopicsRecap",
              "Environment": "local"
            },
            "tags_all": {
              "Application": "PoliTopicsRecap",
              "Environment": "local"
            },
            "timeouts": null,
            "versioning": [
              {
                "enabled": true,
                "mfa_delete": false
              }
            ],
            "website": [],
            "website_domain": null,
            "website_endpoint": null
          },
          "sensitive_attributes": [],
          "private": "eyJlMmJmYjczMC1lY2FhLTExZTYtOGY4OC0zNDM2M2JjN2M0YzAiOnsiY3JlYXRlIjoxMjAwMDAwMDAwMDAwLCJkZWxldGUiOjM2MDAwMDAwMDAwMDAsInJlYWQiOjEyMDAwMDAwMDAwMDAsInVwZGF0ZSI6MTIwMDAwMDAwMDAwMH19"
        }
      ]
    },
    {
      "module": "module.service.module.s3",
      "mode": "managed",
      "type": "aws_s3_bucket_public_access_block",
      "name": "this",
      "provider": "provider[\"registry.terraform.io/hashicorp/aws\"]",
      "instances": [
        {
          "schema_version": 0,
          "attributes": {
            "block_public_acls": true,
            "block_public_policy": true,
            "bucket": "politopics-local-prompts",
            "id": "politopics-local-prompts",
            "ignore_public_acls": true,
            "region": "ap-northeast-3",
            "restrict_public_buckets": true,
            "skip_destroy": null
          },
          "sensitive_attributes": [],
          "private": "bnVsbA==",
          "dependencies": [
            "module.service.module.s3.aws_s3_bucket.this"
          ]
        }
      ]
    },
    {
      "module": "module.service.module.s3",
      "mode": "managed",
      "type": "aws_s3_bucket_server_side_encryption_configuration",
      "name": "this",
      "provider": "provider[\"registry.terraform.io/hashicorp/aws\"]",
      "instances": [
        {
          "schema_version": 0,
          "attributes": {
            "bucket": "politopics-local-prompts",
            "expected_bucket_owner": "",
            "id": "politopics-local-prompts",
            "region": "ap-northeast-3",
            "rule": [
              {
                "apply_server_side_encryption_by_default": [
                  {
                    "kms_master_key_id": "",
                    "sse_algorithm": "AES256"
                  }
                ],
                "bucket_key_enabled": false
              }
            ]
          },
          "sensitive_attributes": [],
          "private": "bnVsbA==",
          "dependencies": [
            "module.service.module.s3.aws_s3_bucket.this"
          ]
        }
      ]
    },
    {
      "module": "module.service.module.s3",
      "mode": "managed",
      "type": "aws_s3_bucket_versioning",
      "name": "this",
      "provider": "provider[\"registry.terraform.io/hashicorp/aws\"]",
      "instances": [
        {
          "schema_version": 0,
          "attributes": {
            "bucket": "politopics-local-prompts",
            "expected_bucket_owner": "",
            "id": "politopics-local-prompts",
            "mfa": null,
            "region": "ap-northeast-3",
            "versioning_configuration": [
              {
                "mfa_delete": "",
                "status": "Enabled"
              }
            ]
          },
          "sensitive_attributes": [],
          "private": "bnVsbA==",
          "dependencies": [
            "module.service.module.s3.aws_s3_bucket.this"
          ]
        }
      ]
    }
  ],
  "check_results": null
}
